// !$*UTF8*$!
{
	archiveVersion = 1;
	classes = {
	};
	objectVersion = 46;
	objects = {

/* Begin PBXBuildFile section */
		13E66B5530E42A561CDF71A1 /* Pods_TrainProject.framework in Frameworks */ = {isa = PBXBuildFile; fileRef = 75CC69826865C65BD34105D9 /* Pods_TrainProject.framework */; };
		A3B63E591F00EC9600EF9AFC /* AppDelegate.swift in Sources */ = {isa = PBXBuildFile; fileRef = A3B63E581F00EC9600EF9AFC /* AppDelegate.swift */; };
		A3B63E5B1F00EC9600EF9AFC /* ViewController.swift in Sources */ = {isa = PBXBuildFile; fileRef = A3B63E5A1F00EC9600EF9AFC /* ViewController.swift */; };
		A3B63E5E1F00EC9600EF9AFC /* Main.storyboard in Resources */ = {isa = PBXBuildFile; fileRef = A3B63E5C1F00EC9600EF9AFC /* Main.storyboard */; };
		A3B63E601F00EC9600EF9AFC /* Assets.xcassets in Resources */ = {isa = PBXBuildFile; fileRef = A3B63E5F1F00EC9600EF9AFC /* Assets.xcassets */; };
		A3B63E631F00EC9600EF9AFC /* LaunchScreen.storyboard in Resources */ = {isa = PBXBuildFile; fileRef = A3B63E611F00EC9600EF9AFC /* LaunchScreen.storyboard */; };
		A3B63E6B1F00F09900EF9AFC /* RestManager.swift in Sources */ = {isa = PBXBuildFile; fileRef = A3B63E6A1F00F09900EF9AFC /* RestManager.swift */; };
		A3B63E6D1F00F11700EF9AFC /* TrainStation.swift in Sources */ = {isa = PBXBuildFile; fileRef = A3B63E6C1F00F11700EF9AFC /* TrainStation.swift */; };
		A3B63E751F00F57B00EF9AFC /* RealmManager.swift in Sources */ = {isa = PBXBuildFile; fileRef = A3B63E741F00F57B00EF9AFC /* RealmManager.swift */; };
		A3B63E771F01016700EF9AFC /* SearchTextField.swift in Sources */ = {isa = PBXBuildFile; fileRef = A3B63E761F01016700EF9AFC /* SearchTextField.swift */; };
		A3B63E811F01A51700EF9AFC /* Localizable.strings in Resources */ = {isa = PBXBuildFile; fileRef = A3B63E831F01A51700EF9AFC /* Localizable.strings */; };
		A3B63E851F01A89600EF9AFC /* ExpandViewContainer.swift in Sources */ = {isa = PBXBuildFile; fileRef = A3B63E841F01A89600EF9AFC /* ExpandViewContainer.swift */; };
		A3B63E871F01A91E00EF9AFC /* TrainViewController.swift in Sources */ = {isa = PBXBuildFile; fileRef = A3B63E861F01A91E00EF9AFC /* TrainViewController.swift */; };
		A3B63E891F025B1E00EF9AFC /* ProtocolViewController.swift in Sources */ = {isa = PBXBuildFile; fileRef = A3B63E881F025B1E00EF9AFC /* ProtocolViewController.swift */; };
/* End PBXBuildFile section */

/* Begin PBXFileReference section */
		75CC69826865C65BD34105D9 /* Pods_TrainProject.framework */ = {isa = PBXFileReference; explicitFileType = wrapper.framework; includeInIndex = 0; path = Pods_TrainProject.framework; sourceTree = BUILT_PRODUCTS_DIR; };
		A3B63E551F00EC9600EF9AFC /* TrainProject.app */ = {isa = PBXFileReference; explicitFileType = wrapper.application; includeInIndex = 0; path = TrainProject.app; sourceTree = BUILT_PRODUCTS_DIR; };
		A3B63E581F00EC9600EF9AFC /* AppDelegate.swift */ = {isa = PBXFileReference; lastKnownFileType = sourcecode.swift; path = AppDelegate.swift; sourceTree = "<group>"; };
		A3B63E5A1F00EC9600EF9AFC /* ViewController.swift */ = {isa = PBXFileReference; lastKnownFileType = sourcecode.swift; path = ViewController.swift; sourceTree = "<group>"; };
		A3B63E5D1F00EC9600EF9AFC /* Base */ = {isa = PBXFileReference; lastKnownFileType = file.storyboard; name = Base; path = Base.lproj/Main.storyboard; sourceTree = "<group>"; };
		A3B63E5F1F00EC9600EF9AFC /* Assets.xcassets */ = {isa = PBXFileReference; lastKnownFileType = folder.assetcatalog; path = Assets.xcassets; sourceTree = "<group>"; };
		A3B63E621F00EC9600EF9AFC /* Base */ = {isa = PBXFileReference; lastKnownFileType = file.storyboard; name = Base; path = Base.lproj/LaunchScreen.storyboard; sourceTree = "<group>"; };
		A3B63E641F00EC9600EF9AFC /* Info.plist */ = {isa = PBXFileReference; lastKnownFileType = text.plist.xml; path = Info.plist; sourceTree = "<group>"; };
		A3B63E6A1F00F09900EF9AFC /* RestManager.swift */ = {isa = PBXFileReference; fileEncoding = 4; lastKnownFileType = sourcecode.swift; path = RestManager.swift; sourceTree = "<group>"; };
		A3B63E6C1F00F11700EF9AFC /* TrainStation.swift */ = {isa = PBXFileReference; fileEncoding = 4; lastKnownFileType = sourcecode.swift; path = TrainStation.swift; sourceTree = "<group>"; };
		A3B63E741F00F57B00EF9AFC /* RealmManager.swift */ = {isa = PBXFileReference; fileEncoding = 4; lastKnownFileType = sourcecode.swift; path = RealmManager.swift; sourceTree = "<group>"; };
		A3B63E761F01016700EF9AFC /* SearchTextField.swift */ = {isa = PBXFileReference; fileEncoding = 4; lastKnownFileType = sourcecode.swift; path = SearchTextField.swift; sourceTree = "<group>"; };
		A3B63E821F01A51700EF9AFC /* Base */ = {isa = PBXFileReference; lastKnownFileType = text.plist.strings; name = Base; path = Base.lproj/Localizable.strings; sourceTree = "<group>"; };
		A3B63E841F01A89600EF9AFC /* ExpandViewContainer.swift */ = {isa = PBXFileReference; fileEncoding = 4; lastKnownFileType = sourcecode.swift; path = ExpandViewContainer.swift; sourceTree = "<group>"; };
		A3B63E861F01A91E00EF9AFC /* TrainViewController.swift */ = {isa = PBXFileReference; fileEncoding = 4; lastKnownFileType = sourcecode.swift; path = TrainViewController.swift; sourceTree = "<group>"; };
		A3B63E881F025B1E00EF9AFC /* ProtocolViewController.swift */ = {isa = PBXFileReference; fileEncoding = 4; lastKnownFileType = sourcecode.swift; path = ProtocolViewController.swift; sourceTree = "<group>"; };
		B5758835D486ACDE5BD984B9 /* Pods-TrainProject.debug.xcconfig */ = {isa = PBXFileReference; includeInIndex = 1; lastKnownFileType = text.xcconfig; name = "Pods-TrainProject.debug.xcconfig"; path = "Pods/Target Support Files/Pods-TrainProject/Pods-TrainProject.debug.xcconfig"; sourceTree = "<group>"; };
		CF51BF89398D26C04E833B3A /* Pods-TrainProject.release.xcconfig */ = {isa = PBXFileReference; includeInIndex = 1; lastKnownFileType = text.xcconfig; name = "Pods-TrainProject.release.xcconfig"; path = "Pods/Target Support Files/Pods-TrainProject/Pods-TrainProject.release.xcconfig"; sourceTree = "<group>"; };
/* End PBXFileReference section */

/* Begin PBXFrameworksBuildPhase section */
		A3B63E521F00EC9600EF9AFC /* Frameworks */ = {
			isa = PBXFrameworksBuildPhase;
			buildActionMask = 2147483647;
			files = (
				13E66B5530E42A561CDF71A1 /* Pods_TrainProject.framework in Frameworks */,
			);
			runOnlyForDeploymentPostprocessing = 0;
		};
/* End PBXFrameworksBuildPhase section */

/* Begin PBXGroup section */
		A3B63E4C1F00EC9600EF9AFC = {
			isa = PBXGroup;
			children = (
				A3B63E571F00EC9600EF9AFC /* TrainProject */,
				A3B63E561F00EC9600EF9AFC /* Products */,
				ECF9AC94EC55EDF16D4B86B9 /* Pods */,
				C6C4963BC23170CFFF138563 /* Frameworks */,
			);
			sourceTree = "<group>";
		};
		A3B63E561F00EC9600EF9AFC /* Products */ = {
			isa = PBXGroup;
			children = (
				A3B63E551F00EC9600EF9AFC /* TrainProject.app */,
			);
			name = Products;
			sourceTree = "<group>";
		};
		A3B63E571F00EC9600EF9AFC /* TrainProject */ = {
			isa = PBXGroup;
			children = (
				A3B63E711F00F14200EF9AFC /* Application */,
				A3B63E6F1F00F12400EF9AFC /* Controllers */,
				A3B63E7D1F01A2BA00EF9AFC /* Library */,
			);
			path = TrainProject;
			sourceTree = "<group>";
		};
		A3B63E6E1F00F11C00EF9AFC /* Services */ = {
			isa = PBXGroup;
			children = (
				A3B63E6A1F00F09900EF9AFC /* RestManager.swift */,
				A3B63E741F00F57B00EF9AFC /* RealmManager.swift */,
			);
			name = Services;
			sourceTree = "<group>";
		};
		A3B63E6F1F00F12400EF9AFC /* Controllers */ = {
			isa = PBXGroup;
			children = (
				A3B63E5A1F00EC9600EF9AFC /* ViewController.swift */,
				A3B63E881F025B1E00EF9AFC /* ProtocolViewController.swift */,
				A3B63E861F01A91E00EF9AFC /* TrainViewController.swift */,
			);
			name = Controllers;
			sourceTree = "<group>";
		};
		A3B63E701F00F12E00EF9AFC /* Models */ = {
			isa = PBXGroup;
			children = (
				A3B63E6C1F00F11700EF9AFC /* TrainStation.swift */,
			);
			name = Models;
			sourceTree = "<group>";
		};
		A3B63E711F00F14200EF9AFC /* Application */ = {
			isa = PBXGroup;
			children = (
				A3B63E581F00EC9600EF9AFC /* AppDelegate.swift */,
				A3B63E641F00EC9600EF9AFC /* Info.plist */,
			);
			name = Application;
			sourceTree = "<group>";
		};
		A3B63E721F00F4DB00EF9AFC /* Views */ = {
			isa = PBXGroup;
			children = (
				A3B63E5C1F00EC9600EF9AFC /* Main.storyboard */,
				A3B63E611F00EC9600EF9AFC /* LaunchScreen.storyboard */,
			);
			name = Views;
			sourceTree = "<group>";
		};
		A3B63E731F00F53E00EF9AFC /* Helper */ = {
			isa = PBXGroup;
			children = (
				A3B63E841F01A89600EF9AFC /* ExpandViewContainer.swift */,
				A3B63E761F01016700EF9AFC /* SearchTextField.swift */,
			);
			name = Helper;
			sourceTree = "<group>";
		};
		A3B63E7D1F01A2BA00EF9AFC /* Library */ = {
			isa = PBXGroup;
			children = (
				A3B63E7E1F01A30500EF9AFC /* Resources */,
				A3B63E701F00F12E00EF9AFC /* Models */,
				A3B63E721F00F4DB00EF9AFC /* Views */,
				A3B63E6E1F00F11C00EF9AFC /* Services */,
				A3B63E731F00F53E00EF9AFC /* Helper */,
			);
			name = Library;
			sourceTree = "<group>";
		};
		A3B63E7E1F01A30500EF9AFC /* Resources */ = {
			isa = PBXGroup;
			children = (
				A3B63E5F1F00EC9600EF9AFC /* Assets.xcassets */,
				A3B63E831F01A51700EF9AFC /* Localizable.strings */,
			);
			name = Resources;
			sourceTree = "<group>";
		};
		C6C4963BC23170CFFF138563 /* Frameworks */ = {
			isa = PBXGroup;
			children = (
				75CC69826865C65BD34105D9 /* Pods_TrainProject.framework */,
			);
			name = Frameworks;
			sourceTree = "<group>";
		};
		ECF9AC94EC55EDF16D4B86B9 /* Pods */ = {
			isa = PBXGroup;
			children = (
				B5758835D486ACDE5BD984B9 /* Pods-TrainProject.debug.xcconfig */,
				CF51BF89398D26C04E833B3A /* Pods-TrainProject.release.xcconfig */,
			);
			name = Pods;
			sourceTree = "<group>";
		};
/* End PBXGroup section */

/* Begin PBXNativeTarget section */
		A3B63E541F00EC9600EF9AFC /* TrainProject */ = {
			isa = PBXNativeTarget;
			buildConfigurationList = A3B63E671F00EC9600EF9AFC /* Build configuration list for PBXNativeTarget "TrainProject" */;
			buildPhases = (
				F684658DD024A5B3AC59AADD /* [CP] Check Pods Manifest.lock */,
				A3B63E511F00EC9600EF9AFC /* Sources */,
				A3B63E521F00EC9600EF9AFC /* Frameworks */,
				A3B63E531F00EC9600EF9AFC /* Resources */,
				81514D5EB6EEB1D58B0A009B /* [CP] Embed Pods Frameworks */,
				3CA5C555DBCA2231218C8FCA /* [CP] Copy Pods Resources */,
			);
			buildRules = (
			);
			dependencies = (
			);
			name = TrainProject;
			productName = TrainProject;
			productReference = A3B63E551F00EC9600EF9AFC /* TrainProject.app */;
			productType = "com.apple.product-type.application";
		};
/* End PBXNativeTarget section */

/* Begin PBXProject section */
		A3B63E4D1F00EC9600EF9AFC /* Project object */ = {
			isa = PBXProject;
			attributes = {
				LastSwiftUpdateCheck = 0830;
				LastUpgradeCheck = 0830;
				ORGANIZATIONNAME = "Karol Majka";
				TargetAttributes = {
					A3B63E541F00EC9600EF9AFC = {
						CreatedOnToolsVersion = 8.3.2;
						DevelopmentTeam = 7KM42EHCAN;
						ProvisioningStyle = Automatic;
					};
				};
			};
			buildConfigurationList = A3B63E501F00EC9600EF9AFC /* Build configuration list for PBXProject "TrainProject" */;
			compatibilityVersion = "Xcode 3.2";
			developmentRegion = English;
			hasScannedForEncodings = 0;
			knownRegions = (
				en,
				Base,
			);
			mainGroup = A3B63E4C1F00EC9600EF9AFC;
			productRefGroup = A3B63E561F00EC9600EF9AFC /* Products */;
			projectDirPath = "";
			projectRoot = "";
			targets = (
				A3B63E541F00EC9600EF9AFC /* TrainProject */,
			);
		};
/* End PBXProject section */

/* Begin PBXResourcesBuildPhase section */
		A3B63E531F00EC9600EF9AFC /* Resources */ = {
			isa = PBXResourcesBuildPhase;
			buildActionMask = 2147483647;
			files = (
				A3B63E811F01A51700EF9AFC /* Localizable.strings in Resources */,
				A3B63E631F00EC9600EF9AFC /* LaunchScreen.storyboard in Resources */,
				A3B63E601F00EC9600EF9AFC /* Assets.xcassets in Resources */,
				A3B63E5E1F00EC9600EF9AFC /* Main.storyboard in Resources */,
			);
			runOnlyForDeploymentPostprocessing = 0;
		};
/* End PBXResourcesBuildPhase section */

/* Begin PBXShellScriptBuildPhase section */
		3CA5C555DBCA2231218C8FCA /* [CP] Copy Pods Resources */ = {
			isa = PBXShellScriptBuildPhase;
			buildActionMask = 2147483647;
			files = (
			);
			inputPaths = (
			);
			name = "[CP] Copy Pods Resources";
			outputPaths = (
			);
			runOnlyForDeploymentPostprocessing = 0;
			shellPath = /bin/sh;
			shellScript = "\"${SRCROOT}/Pods/Target Support Files/Pods-TrainProject/Pods-TrainProject-resources.sh\"\n";
			showEnvVarsInLog = 0;
		};
		81514D5EB6EEB1D58B0A009B /* [CP] Embed Pods Frameworks */ = {
			isa = PBXShellScriptBuildPhase;
			buildActionMask = 2147483647;
			files = (
			);
			inputPaths = (
			);
			name = "[CP] Embed Pods Frameworks";
			outputPaths = (
			);
			runOnlyForDeploymentPostprocessing = 0;
			shellPath = /bin/sh;
			shellScript = "\"${SRCROOT}/Pods/Target Support Files/Pods-TrainProject/Pods-TrainProject-frameworks.sh\"\n";
			showEnvVarsInLog = 0;
		};
		F684658DD024A5B3AC59AADD /* [CP] Check Pods Manifest.lock */ = {
			isa = PBXShellScriptBuildPhase;
			buildActionMask = 2147483647;
			files = (
			);
			inputPaths = (
			);
			name = "[CP] Check Pods Manifest.lock";
			outputPaths = (
			);
			runOnlyForDeploymentPostprocessing = 0;
			shellPath = /bin/sh;
			shellScript = "diff \"${PODS_PODFILE_DIR_PATH}/Podfile.lock\" \"${PODS_ROOT}/Manifest.lock\" > /dev/null\nif [ $? != 0 ] ; then\n    # print error to STDERR\n    echo \"error: The sandbox is not in sync with the Podfile.lock. Run 'pod install' or update your CocoaPods installation.\" >&2\n    exit 1\nfi\n";
			showEnvVarsInLog = 0;
		};
/* End PBXShellScriptBuildPhase section */

/* Begin PBXSourcesBuildPhase section */
		A3B63E511F00EC9600EF9AFC /* Sources */ = {
			isa = PBXSourcesBuildPhase;
			buildActionMask = 2147483647;
			files = (
				A3B63E6B1F00F09900EF9AFC /* RestManager.swift in Sources */,
				A3B63E891F025B1E00EF9AFC /* ProtocolViewController.swift in Sources */,
				A3B63E871F01A91E00EF9AFC /* TrainViewController.swift in Sources */,
				A3B63E751F00F57B00EF9AFC /* RealmManager.swift in Sources */,
				A3B63E6D1F00F11700EF9AFC /* TrainStation.swift in Sources */,
				A3B63E851F01A89600EF9AFC /* ExpandViewContainer.swift in Sources */,
				A3B63E5B1F00EC9600EF9AFC /* ViewController.swift in Sources */,
				A3B63E591F00EC9600EF9AFC /* AppDelegate.swift in Sources */,
				A3B63E771F01016700EF9AFC /* SearchTextField.swift in Sources */,
			);
			runOnlyForDeploymentPostprocessing = 0;
		};
/* End PBXSourcesBuildPhase section */

/* Begin PBXVariantGroup section */
		A3B63E5C1F00EC9600EF9AFC /* Main.storyboard */ = {
			isa = PBXVariantGroup;
			children = (
				A3B63E5D1F00EC9600EF9AFC /* Base */,
			);
			name = Main.storyboard;
			sourceTree = "<group>";
		};
		A3B63E611F00EC9600EF9AFC /* LaunchScreen.storyboard */ = {
			isa = PBXVariantGroup;
			children = (
				A3B63E621F00EC9600EF9AFC /* Base */,
			);
			name = LaunchScreen.storyboard;
			sourceTree = "<group>";
		};
		A3B63E831F01A51700EF9AFC /* Localizable.strings */ = {
			isa = PBXVariantGroup;
			children = (
				A3B63E821F01A51700EF9AFC /* Base */,
			);
			name = Localizable.strings;
			sourceTree = "<group>";
		};
/* End PBXVariantGroup section */

/* Begin XCBuildConfiguration section */
		A3B63E651F00EC9600EF9AFC /* Debug */ = {
			isa = XCBuildConfiguration;
			buildSettings = {
				ALWAYS_SEARCH_USER_PATHS = NO;
				CLANG_ANALYZER_NONNULL = YES;
				CLANG_ANALYZER_NUMBER_OBJECT_CONVERSION = YES_AGGRESSIVE;
				CLANG_CXX_LANGUAGE_STANDARD = "gnu++0x";
				CLANG_CXX_LIBRARY = "libc++";
				CLANG_ENABLE_MODULES = YES;
				CLANG_ENABLE_OBJC_ARC = YES;
				CLANG_WARN_BOOL_CONVERSION = YES;
				CLANG_WARN_CONSTANT_CONVERSION = YES;
				CLANG_WARN_DIRECT_OBJC_ISA_USAGE = YES_ERROR;
				CLANG_WARN_DOCUMENTATION_COMMENTS = YES;
				CLANG_WARN_EMPTY_BODY = YES;
				CLANG_WARN_ENUM_CONVERSION = YES;
				CLANG_WARN_INFINITE_RECURSION = YES;
				CLANG_WARN_INT_CONVERSION = YES;
				CLANG_WARN_OBJC_ROOT_CLASS = YES_ERROR;
				CLANG_WARN_SUSPICIOUS_MOVE = YES;
				CLANG_WARN_UNREACHABLE_CODE = YES;
				CLANG_WARN__DUPLICATE_METHOD_MATCH = YES;
				"CODE_SIGN_IDENTITY[sdk=iphoneos*]" = "iPhone Developer";
				COPY_PHASE_STRIP = NO;
				DEBUG_INFORMATION_FORMAT = dwarf;
				ENABLE_STRICT_OBJC_MSGSEND = YES;
				ENABLE_TESTABILITY = YES;
				GCC_C_LANGUAGE_STANDARD = gnu99;
				GCC_DYNAMIC_NO_PIC = NO;
				GCC_NO_COMMON_BLOCKS = YES;
				GCC_OPTIMIZATION_LEVEL = 0;
				GCC_PREPROCESSOR_DEFINITIONS = (
					"DEBUG=1",
					"$(inherited)",
				);
				GCC_WARN_64_TO_32_BIT_CONVERSION = YES;
				GCC_WARN_ABOUT_RETURN_TYPE = YES_ERROR;
				GCC_WARN_UNDECLARED_SELECTOR = YES;
				GCC_WARN_UNINITIALIZED_AUTOS = YES_AGGRESSIVE;
				GCC_WARN_UNUSED_FUNCTION = YES;
				GCC_WARN_UNUSED_VARIABLE = YES;
				IPHONEOS_DEPLOYMENT_TARGET = 9.0;
				MTL_ENABLE_DEBUG_INFO = YES;
				ONLY_ACTIVE_ARCH = YES;
				SDKROOT = iphoneos;
				SWIFT_ACTIVE_COMPILATION_CONDITIONS = DEBUG;
				SWIFT_OPTIMIZATION_LEVEL = "-Onone";
				TARGETED_DEVICE_FAMILY = "1,2";
			};
			name = Debug;
		};
		A3B63E661F00EC9600EF9AFC /* Release */ = {
			isa = XCBuildConfiguration;
			buildSettings = {
				ALWAYS_SEARCH_USER_PATHS = NO;
				CLANG_ANALYZER_NONNULL = YES;
				CLANG_ANALYZER_NUMBER_OBJECT_CONVERSION = YES_AGGRESSIVE;
				CLANG_CXX_LANGUAGE_STANDARD = "gnu++0x";
				CLANG_CXX_LIBRARY = "libc++";
				CLANG_ENABLE_MODULES = YES;
				CLANG_ENABLE_OBJC_ARC = YES;
				CLANG_WARN_BOOL_CONVERSION = YES;
				CLANG_WARN_CONSTANT_CONVERSION = YES;
				CLANG_WARN_DIRECT_OBJC_ISA_USAGE = YES_ERROR;
				CLANG_WARN_DOCUMENTATION_COMMENTS = YES;
				CLANG_WARN_EMPTY_BODY = YES;
				CLANG_WARN_ENUM_CONVERSION = YES;
				CLANG_WARN_INFINITE_RECURSION = YES;
				CLANG_WARN_INT_CONVERSION = YES;
				CLANG_WARN_OBJC_ROOT_CLASS = YES_ERROR;
				CLANG_WARN_SUSPICIOUS_MOVE = YES;
				CLANG_WARN_UNREACHABLE_CODE = YES;
				CLANG_WARN__DUPLICATE_METHOD_MATCH = YES;
				"CODE_SIGN_IDENTITY[sdk=iphoneos*]" = "iPhone Developer";
				COPY_PHASE_STRIP = NO;
				DEBUG_INFORMATION_FORMAT = "dwarf-with-dsym";
				ENABLE_NS_ASSERTIONS = NO;
				ENABLE_STRICT_OBJC_MSGSEND = YES;
				GCC_C_LANGUAGE_STANDARD = gnu99;
				GCC_NO_COMMON_BLOCKS = YES;
				GCC_WARN_64_TO_32_BIT_CONVERSION = YES;
				GCC_WARN_ABOUT_RETURN_TYPE = YES_ERROR;
				GCC_WARN_UNDECLARED_SELECTOR = YES;
				GCC_WARN_UNINITIALIZED_AUTOS = YES_AGGRESSIVE;
				GCC_WARN_UNUSED_FUNCTION = YES;
				GCC_WARN_UNUSED_VARIABLE = YES;
				IPHONEOS_DEPLOYMENT_TARGET = 9.0;
				MTL_ENABLE_DEBUG_INFO = NO;
				SDKROOT = iphoneos;
				SWIFT_OPTIMIZATION_LEVEL = "-Owholemodule";
				TARGETED_DEVICE_FAMILY = "1,2";
				VALIDATE_PRODUCT = YES;
			};
			name = Release;
		};
		A3B63E681F00EC9600EF9AFC /* Debug */ = {
			isa = XCBuildConfiguration;
			baseConfigurationReference = B5758835D486ACDE5BD984B9 /* Pods-TrainProject.debug.xcconfig */;
			buildSettings = {
				ASSETCATALOG_COMPILER_APPICON_NAME = AppIcon;
				DEVELOPMENT_TEAM = 7KM42EHCAN;
				INFOPLIST_FILE = TrainProject/Info.plist;
				IPHONEOS_DEPLOYMENT_TARGET = 9.0;
				LD_RUNPATH_SEARCH_PATHS = "$(inherited) @executable_path/Frameworks";
				PRODUCT_BUNDLE_IDENTIFIER = com.karolmajka.TrainProject;
				PRODUCT_NAME = "$(TARGET_NAME)";
				SWIFT_VERSION = 3.0;
			};
			name = Debug;
		};
		A3B63E691F00EC9600EF9AFC /* Release */ = {
			isa = XCBuildConfiguration;
			baseConfigurationReference = CF51BF89398D26C04E833B3A /* Pods-TrainProject.release.xcconfig */;
			buildSettings = {
				ASSETCATALOG_COMPILER_APPICON_NAME = AppIcon;
				DEVELOPMENT_TEAM = 7KM42EHCAN;
				INFOPLIST_FILE = TrainProject/Info.plist;
				IPHONEOS_DEPLOYMENT_TARGET = 9.0;
				LD_RUNPATH_SEARCH_PATHS = "$(inherited) @executable_path/Frameworks";
				PRODUCT_BUNDLE_IDENTIFIER = com.karolmajka.TrainProject;
				PRODUCT_NAME = "$(TARGET_NAME)";
				SWIFT_VERSION = 3.0;
			};
			name = Release;
		};
/* End XCBuildConfiguration section */

/* Begin XCConfigurationList section */
		A3B63E501F00EC9600EF9AFC /* Build configuration list for PBXProject "TrainProject" */ = {
			isa = XCConfigurationList;
			buildConfigurations = (
				A3B63E651F00EC9600EF9AFC /* Debug */,
				A3B63E661F00EC9600EF9AFC /* Release */,
			);
			defaultConfigurationIsVisible = 0;
			defaultConfigurationName = Release;
		};
		A3B63E671F00EC9600EF9AFC /* Build configuration list for PBXNativeTarget "TrainProject" */ = {
			isa = XCConfigurationList;
			buildConfigurations = (
				A3B63E681F00EC9600EF9AFC /* Debug */,
				A3B63E691F00EC9600EF9AFC /* Release */,
			);
			defaultConfigurationIsVisible = 0;
			defaultConfigurationName = Release;
		};
/* End XCConfigurationList section */
	};
	rootObject = A3B63E4D1F00EC9600EF9AFC /* Project object */;
}
